
Microsoft Visual Studio Solution File, Format Version 12.00
# Visual Studio Version 16
VisualStudioVersion = 16.0.31702.278
MinimumVisualStudioVersion = 10.0.40219.1
Project("{FAE04EC0-301F-11D3-BF4B-00C04F79EFBC}") = "Paginas.UWP", "Paginas\Paginas.UWP\Paginas.UWP.csproj", "{1096E7C8-A053-4CE6-B0DF-5AB79B9285D1}"
EndProject
Project("{FAE04EC0-301F-11D3-BF4B-00C04F79EFBC}") = "Paginas.Android", "Paginas\Paginas.Android\Paginas.Android.csproj", "{B63CDF23-6D39-4AD1-85EB-7C362939FA04}"
EndProject
Project("{FAE04EC0-301F-11D3-BF4B-00C04F79EFBC}") = "Paginas.iOS", "Paginas\Paginas.iOS\Paginas.iOS.csproj", "{A97BE256-7A99-48D6-950C-C116115EABCA}"
EndProject
Project("{FAE04EC0-301F-11D3-BF4B-00C04F79EFBC}") = "Paginas", "Paginas\Paginas\Paginas.csproj", "{FEE58E91-B196-4EEA-910F-DAA2E9BACD8D}"
EndProject
Global
	GlobalSection(SolutionConfigurationPlatforms) = preSolution
		Debug|Any CPU = Debug|Any CPU
		Debug|ARM = Debug|ARM
		Debug|iPhone = Debug|iPhone
		Debug|iPhoneSimulator = Debug|iPhoneSimulator
		Debug|x64 = Debug|x64
		Debug|x86 = Debug|x86
		Release|Any CPU = Release|Any CPU
		Release|ARM = Release|ARM
		Release|iPhone = Release|iPhone
		Release|iPhoneSimulator = Release|iPhoneSimulator
		Release|x64 = Release|x64
		Release|x86 = Release|x86
	EndGlobalSection
	GlobalSection(ProjectConfigurationPlatforms) = postSolution
		{1096E7C8-A053-4CE6-B0DF-5AB79B9285D1}.Debug|Any CPU.ActiveCfg = Debug|x86
		{1096E7C8-A053-4CE6-B0DF-5AB79B9285D1}.Debug|Any CPU.Build.0 = Debug|x86
		{1096E7C8-A053-4CE6-B0DF-5AB79B9285D1}.Debug|Any CPU.Deploy.0 = Debug|x86
		{1096E7C8-A053-4CE6-B0DF-5AB79B9285D1}.Debug|ARM.ActiveCfg = Debug|ARM
		{1096E7C8-A053-4CE6-B0DF-5AB79B9285D1}.Debug|ARM.Build.0 = Debug|ARM
		{1096E7C8-A053-4CE6-B0DF-5AB79B9285D1}.Debug|ARM.Deploy.0 = Debug|ARM
		{1096E7C8-A053-4CE6-B0DF-5AB79B9285D1}.Debug|iPhone.ActiveCfg = Debug|x86
		{1096E7C8-A053-4CE6-B0DF-5AB79B9285D1}.Debug|iPhone.Build.0 = Debug|x86
		{1096E7C8-A053-4CE6-B0DF-5AB79B9285D1}.Debug|iPhone.Deploy.0 = Debug|x86
		{1096E7C8-A053-4CE6-B0DF-5AB79B9285D1}.Debug|iPhoneSimulator.ActiveCfg = Debug|x86
		{1096E7C8-A053-4CE6-B0DF-5AB79B9285D1}.Debug|iPhoneSimulator.Build.0 = Debug|x86
		{1096E7C8-A053-4CE6-B0DF-5AB79B9285D1}.Debug|iPhoneSimulator.Deploy.0 = Debug|x86
		{1096E7C8-A053-4CE6-B0DF-5AB79B9285D1}.Debug|x64.ActiveCfg = Debug|x64
		{1096E7C8-A053-4CE6-B0DF-5AB79B9285D1}.Debug|x64.Build.0 = Debug|x64
		{1096E7C8-A053-4CE6-B0DF-5AB79B9285D1}.Debug|x64.Deploy.0 = Debug|x64
		{1096E7C8-A053-4CE6-B0DF-5AB79B9285D1}.Debug|x86.ActiveCfg = Debug|x86
		{1096E7C8-A053-4CE6-B0DF-5AB79B9285D1}.Debug|x86.Build.0 = Debug|x86
		{1096E7C8-A053-4CE6-B0DF-5AB79B9285D1}.Debug|x86.Deploy.0 = Debug|x86
		{1096E7C8-A053-4CE6-B0DF-5AB79B9285D1}.Release|Any CPU.ActiveCfg = Release|x86
		{1096E7C8-A053-4CE6-B0DF-5AB79B9285D1}.Release|Any CPU.Build.0 = Release|x86
		{1096E7C8-A053-4CE6-B0DF-5AB79B9285D1}.Release|Any CPU.Deploy.0 = Release|x86
		{1096E7C8-A053-4CE6-B0DF-5AB79B9285D1}.Release|ARM.ActiveCfg = Release|ARM
		{1096E7C8-A053-4CE6-B0DF-5AB79B9285D1}.Release|ARM.Build.0 = Release|ARM
		{1096E7C8-A053-4CE6-B0DF-5AB79B9285D1}.Release|ARM.Deploy.0 = Release|ARM
		{1096E7C8-A053-4CE6-B0DF-5AB79B9285D1}.Release|iPhone.ActiveCfg = Release|x86
		{1096E7C8-A053-4CE6-B0DF-5AB79B9285D1}.Release|iPhone.Build.0 = Release|x86
		{1096E7C8-A053-4CE6-B0DF-5AB79B9285D1}.Release|iPhone.Deploy.0 = Release|x86
		{1096E7C8-A053-4CE6-B0DF-5AB79B9285D1}.Release|iPhoneSimulator.ActiveCfg = Release|x86
		{1096E7C8-A053-4CE6-B0DF-5AB79B9285D1}.Release|iPhoneSimulator.Build.0 = Release|x86
		{1096E7C8-A053-4CE6-B0DF-5AB79B9285D1}.Release|iPhoneSimulator.Deploy.0 = Release|x86
		{1096E7C8-A053-4CE6-B0DF-5AB79B9285D1}.Release|x64.ActiveCfg = Release|x64
		{1096E7C8-A053-4CE6-B0DF-5AB79B9285D1}.Release|x64.Build.0 = Release|x64
		{1096E7C8-A053-4CE6-B0DF-5AB79B9285D1}.Release|x64.Deploy.0 = Release|x64
		{1096E7C8-A053-4CE6-B0DF-5AB79B9285D1}.Release|x86.ActiveCfg = Release|x86
		{1096E7C8-A053-4CE6-B0DF-5AB79B9285D1}.Release|x86.Build.0 = Release|x86
		{1096E7C8-A053-4CE6-B0DF-5AB79B9285D1}.Release|x86.Deploy.0 = Release|x86
		{B63CDF23-6D39-4AD1-85EB-7C362939FA04}.Debug|Any CPU.ActiveCfg = Debug|Any CPU
		{B63CDF23-6D39-4AD1-85EB-7C362939FA04}.Debug|Any CPU.Build.0 = Debug|Any CPU
		{B63CDF23-6D39-4AD1-85EB-7C362939FA04}.Debug|Any CPU.Deploy.0 = Debug|Any CPU
		{B63CDF23-6D39-4AD1-85EB-7C362939FA04}.Debug|ARM.ActiveCfg = Debug|Any CPU
		{B63CDF23-6D39-4AD1-85EB-7C362939FA04}.Debug|ARM.Build.0 = Debug|Any CPU
		{B63CDF23-6D39-4AD1-85EB-7C362939FA04}.Debug|ARM.Deploy.0 = Debug|Any CPU
		{B63CDF23-6D39-4AD1-85EB-7C362939FA04}.Debug|iPhone.ActiveCfg = Debug|Any CPU
		{B63CDF23-6D39-4AD1-85EB-7C362939FA04}.Debug|iPhone.Build.0 = Debug|Any CPU
		{B63CDF23-6D39-4AD1-85EB-7C362939FA04}.Debug|iPhone.Deploy.0 = Debug|Any CPU
		{B63CDF23-6D39-4AD1-85EB-7C362939FA04}.Debug|iPhoneSimulator.ActiveCfg = Debug|Any CPU
		{B63CDF23-6D39-4AD1-85EB-7C362939FA04}.Debug|iPhoneSimulator.Build.0 = Debug|Any CPU
		{B63CDF23-6D39-4AD1-85EB-7C362939FA04}.Debug|iPhoneSimulator.Deploy.0 = Debug|Any CPU
		{B63CDF23-6D39-4AD1-85EB-7C362939FA04}.Debug|x64.ActiveCfg = Debug|Any CPU
		{B63CDF23-6D39-4AD1-85EB-7C362939FA04}.Debug|x64.Build.0 = Debug|Any CPU
		{B63CDF23-6D39-4AD1-85EB-7C362939FA04}.Debug|x64.Deploy.0 = Debug|Any CPU
		{B63CDF23-6D39-4AD1-85EB-7C362939FA04}.Debug|x86.ActiveCfg = Debug|Any CPU
		{B63CDF23-6D39-4AD1-85EB-7C362939FA04}.Debug|x86.Build.0 = Debug|Any CPU
		{B63CDF23-6D39-4AD1-85EB-7C362939FA04}.Debug|x86.Deploy.0 = Debug|Any CPU
		{B63CDF23-6D39-4AD1-85EB-7C362939FA04}.Release|Any CPU.ActiveCfg = Release|Any CPU
		{B63CDF23-6D39-4AD1-85EB-7C362939FA04}.Release|Any CPU.Build.0 = Release|Any CPU
		{B63CDF23-6D39-4AD1-85EB-7C362939FA04}.Release|Any CPU.Deploy.0 = Release|Any CPU
		{B63CDF23-6D39-4AD1-85EB-7C362939FA04}.Release|ARM.ActiveCfg = Release|Any CPU
		{B63CDF23-6D39-4AD1-85EB-7C362939FA04}.Release|ARM.Build.0 = Release|Any CPU
		{B63CDF23-6D39-4AD1-85EB-7C362939FA04}.Release|ARM.Deploy.0 = Release|Any CPU
		{B63CDF23-6D39-4AD1-85EB-7C362939FA04}.Release|iPhone.ActiveCfg = Release|Any CPU
		{B63CDF23-6D39-4AD1-85EB-7C362939FA04}.Release|iPhone.Build.0 = Release|Any CPU
		{B63CDF23-6D39-4AD1-85EB-7C362939FA04}.Release|iPhone.Deploy.0 = Release|Any CPU
		{B63CDF23-6D39-4AD1-85EB-7C362939FA04}.Release|iPhoneSimulator.ActiveCfg = Release|Any CPU
		{B63CDF23-6D39-4AD1-85EB-7C362939FA04}.Release|iPhoneSimulator.Build.0 = Release|Any CPU
		{B63CDF23-6D39-4AD1-85EB-7C362939FA04}.Release|iPhoneSimulator.Deploy.0 = Release|Any CPU
		{B63CDF23-6D39-4AD1-85EB-7C362939FA04}.Release|x64.ActiveCfg = Release|Any CPU
		{B63CDF23-6D39-4AD1-85EB-7C362939FA04}.Release|x64.Build.0 = Release|Any CPU
		{B63CDF23-6D39-4AD1-85EB-7C362939FA04}.Release|x64.Deploy.0 = Release|Any CPU
		{B63CDF23-6D39-4AD1-85EB-7C362939FA04}.Release|x86.ActiveCfg = Release|Any CPU
		{B63CDF23-6D39-4AD1-85EB-7C362939FA04}.Release|x86.Build.0 = Release|Any CPU
		{B63CDF23-6D39-4AD1-85EB-7C362939FA04}.Release|x86.Deploy.0 = Release|Any CPU
		{A97BE256-7A99-48D6-950C-C116115EABCA}.Debug|Any CPU.ActiveCfg = Debug|iPhoneSimulator
		{A97BE256-7A99-48D6-950C-C116115EABCA}.Debug|Any CPU.Build.0 = Debug|iPhoneSimulator
		{A97BE256-7A99-48D6-950C-C116115EABCA}.Debug|Any CPU.Deploy.0 = Debug|iPhoneSimulator
		{A97BE256-7A99-48D6-950C-C116115EABCA}.Debug|ARM.ActiveCfg = Debug|iPhone
		{A97BE256-7A99-48D6-950C-C116115EABCA}.Debug|ARM.Build.0 = Debug|iPhone
		{A97BE256-7A99-48D6-950C-C116115EABCA}.Debug|ARM.Deploy.0 = Debug|iPhone
		{A97BE256-7A99-48D6-950C-C116115EABCA}.Debug|iPhone.ActiveCfg = Debug|iPhone
		{A97BE256-7A99-48D6-950C-C116115EABCA}.Debug|iPhone.Build.0 = Debug|iPhone
		{A97BE256-7A99-48D6-950C-C116115EABCA}.Debug|iPhone.Deploy.0 = Debug|iPhone
		{A97BE256-7A99-48D6-950C-C116115EABCA}.Debug|iPhoneSimulator.ActiveCfg = Debug|iPhoneSimulator
		{A97BE256-7A99-48D6-950C-C116115EABCA}.Debug|iPhoneSimulator.Build.0 = Debug|iPhoneSimulator
		{A97BE256-7A99-48D6-950C-C116115EABCA}.Debug|iPhoneSimulator.Deploy.0 = Debug|iPhoneSimulator
		{A97BE256-7A99-48D6-950C-C116115EABCA}.Debug|x64.ActiveCfg = Debug|iPhoneSimulator
		{A97BE256-7A99-48D6-950C-C116115EABCA}.Debug|x64.Build.0 = Debug|iPhoneSimulator
		{A97BE256-7A99-48D6-950C-C116115EABCA}.Debug|x64.Deploy.0 = Debug|iPhoneSimulator
		{A97BE256-7A99-48D6-950C-C116115EABCA}.Debug|x86.ActiveCfg = Debug|iPhoneSimulator
		{A97BE256-7A99-48D6-950C-C116115EABCA}.Debug|x86.Build.0 = Debug|iPhoneSimulator
		{A97BE256-7A99-48D6-950C-C116115EABCA}.Debug|x86.Deploy.0 = Debug|iPhoneSimulator
		{A97BE256-7A99-48D6-950C-C116115EABCA}.Release|Any CPU.ActiveCfg = Release|iPhoneSimulator
		{A97BE256-7A99-48D6-950C-C116115EABCA}.Release|Any CPU.Build.0 = Release|iPhoneSimulator
		{A97BE256-7A99-48D6-950C-C116115EABCA}.Release|Any CPU.Deploy.0 = Release|iPhoneSimulator
		{A97BE256-7A99-48D6-950C-C116115EABCA}.Release|ARM.ActiveCfg = Release|iPhoneSimulator
		{A97BE256-7A99-48D6-950C-C116115EABCA}.Release|ARM.Build.0 = Release|iPhoneSimulator
		{A97BE256-7A99-48D6-950C-C116115EABCA}.Release|ARM.Deploy.0 = Release|iPhoneSimulator
		{A97BE256-7A99-48D6-950C-C116115EABCA}.Release|iPhone.ActiveCfg = Release|iPhone
		{A97BE256-7A99-48D6-950C-C116115EABCA}.Release|iPhone.Build.0 = Release|iPhone
		{A97BE256-7A99-48D6-950C-C116115EABCA}.Release|iPhone.Deploy.0 = Release|iPhone
		{A97BE256-7A99-48D6-950C-C116115EABCA}.Release|iPhoneSimulator.ActiveCfg = Release|iPhoneSimulator
		{A97BE256-7A99-48D6-950C-C116115EABCA}.Release|iPhoneSimulator.Build.0 = Release|iPhoneSimulator
		{A97BE256-7A99-48D6-950C-C116115EABCA}.Release|iPhoneSimulator.Deploy.0 = Release|iPhoneSimulator
		{A97BE256-7A99-48D6-950C-C116115EABCA}.Release|x64.ActiveCfg = Release|iPhoneSimulator
		{A97BE256-7A99-48D6-950C-C116115EABCA}.Release|x64.Build.0 = Release|iPhoneSimulator
		{A97BE256-7A99-48D6-950C-C116115EABCA}.Release|x64.Deploy.0 = Release|iPhoneSimulator
		{A97BE256-7A99-48D6-950C-C116115EABCA}.Release|x86.ActiveCfg = Release|iPhoneSimulator
		{A97BE256-7A99-48D6-950C-C116115EABCA}.Release|x86.Build.0 = Release|iPhoneSimulator
		{A97BE256-7A99-48D6-950C-C116115EABCA}.Release|x86.Deploy.0 = Release|iPhoneSimulator
		{FEE58E91-B196-4EEA-910F-DAA2E9BACD8D}.Debug|Any CPU.ActiveCfg = Debug|Any CPU
		{FEE58E91-B196-4EEA-910F-DAA2E9BACD8D}.Debug|Any CPU.Build.0 = Debug|Any CPU
		{FEE58E91-B196-4EEA-910F-DAA2E9BACD8D}.Debug|Any CPU.Deploy.0 = Debug|Any CPU
		{FEE58E91-B196-4EEA-910F-DAA2E9BACD8D}.Debug|ARM.ActiveCfg = Debug|Any CPU
		{FEE58E91-B196-4EEA-910F-DAA2E9BACD8D}.Debug|ARM.Build.0 = Debug|Any CPU
		{FEE58E91-B196-4EEA-910F-DAA2E9BACD8D}.Debug|ARM.Deploy.0 = Debug|Any CPU
		{FEE58E91-B196-4EEA-910F-DAA2E9BACD8D}.Debug|iPhone.ActiveCfg = Debug|Any CPU
		{FEE58E91-B196-4EEA-910F-DAA2E9BACD8D}.Debug|iPhone.Build.0 = Debug|Any CPU
		{FEE58E91-B196-4EEA-910F-DAA2E9BACD8D}.Debug|iPhone.Deploy.0 = Debug|Any CPU
		{FEE58E91-B196-4EEA-910F-DAA2E9BACD8D}.Debug|iPhoneSimulator.ActiveCfg = Debug|Any CPU
		{FEE58E91-B196-4EEA-910F-DAA2E9BACD8D}.Debug|iPhoneSimulator.Build.0 = Debug|Any CPU
		{FEE58E91-B196-4EEA-910F-DAA2E9BACD8D}.Debug|iPhoneSimulator.Deploy.0 = Debug|Any CPU
		{FEE58E91-B196-4EEA-910F-DAA2E9BACD8D}.Debug|x64.ActiveCfg = Debug|Any CPU
		{FEE58E91-B196-4EEA-910F-DAA2E9BACD8D}.Debug|x64.Build.0 = Debug|Any CPU
		{FEE58E91-B196-4EEA-910F-DAA2E9BACD8D}.Debug|x64.Deploy.0 = Debug|Any CPU
		{FEE58E91-B196-4EEA-910F-DAA2E9BACD8D}.Debug|x86.ActiveCfg = Debug|Any CPU
		{FEE58E91-B196-4EEA-910F-DAA2E9BACD8D}.Debug|x86.Build.0 = Debug|Any CPU
		{FEE58E91-B196-4EEA-910F-DAA2E9BACD8D}.Debug|x86.Deploy.0 = Debug|Any CPU
		{FEE58E91-B196-4EEA-910F-DAA2E9BACD8D}.Release|Any CPU.ActiveCfg = Release|Any CPU
		{FEE58E91-B196-4EEA-910F-DAA2E9BACD8D}.Release|Any CPU.Build.0 = Release|Any CPU
		{FEE58E91-B196-4EEA-910F-DAA2E9BACD8D}.Release|Any CPU.Deploy.0 = Release|Any CPU
		{FEE58E91-B196-4EEA-910F-DAA2E9BACD8D}.Release|ARM.ActiveCfg = Release|Any CPU
		{FEE58E91-B196-4EEA-910F-DAA2E9BACD8D}.Release|ARM.Build.0 = Release|Any CPU
		{FEE58E91-B196-4EEA-910F-DAA2E9BACD8D}.Release|ARM.Deploy.0 = Release|Any CPU
		{FEE58E91-B196-4EEA-910F-DAA2E9BACD8D}.Release|iPhone.ActiveCfg = Release|Any CPU
		{FEE58E91-B196-4EEA-910F-DAA2E9BACD8D}.Release|iPhone.Build.0 = Release|Any CPU
		{FEE58E91-B196-4EEA-910F-DAA2E9BACD8D}.Release|iPhone.Deploy.0 = Release|Any CPU
		{FEE58E91-B196-4EEA-910F-DAA2E9BACD8D}.Release|iPhoneSimulator.ActiveCfg = Release|Any CPU
		{FEE58E91-B196-4EEA-910F-DAA2E9BACD8D}.Release|iPhoneSimulator.Build.0 = Release|Any CPU
		{FEE58E91-B196-4EEA-910F-DAA2E9BACD8D}.Release|iPhoneSimulator.Deploy.0 = Release|Any CPU
		{FEE58E91-B196-4EEA-910F-DAA2E9BACD8D}.Release|x64.ActiveCfg = Release|Any CPU
		{FEE58E91-B196-4EEA-910F-DAA2E9BACD8D}.Release|x64.Build.0 = Release|Any CPU
		{FEE58E91-B196-4EEA-910F-DAA2E9BACD8D}.Release|x64.Deploy.0 = Release|Any CPU
		{FEE58E91-B196-4EEA-910F-DAA2E9BACD8D}.Release|x86.ActiveCfg = Release|Any CPU
		{FEE58E91-B196-4EEA-910F-DAA2E9BACD8D}.Release|x86.Build.0 = Release|Any CPU
		{FEE58E91-B196-4EEA-910F-DAA2E9BACD8D}.Release|x86.Deploy.0 = Release|Any CPU
	EndGlobalSection
	GlobalSection(SolutionProperties) = preSolution
		HideSolutionNode = FALSE
	EndGlobalSection
	GlobalSection(ExtensibilityGlobals) = postSolution
		SolutionGuid = {D97689CE-6B73-4BC4-B2FE-CE4AF6418BE2}
	EndGlobalSection
EndGlobal
